
Microsoft Visual Studio Solution File, Format Version 9.00
# Visual Studio 2005
Project("{8BC9CEB8-8B4A-11D0-8D11-00A0C91BC942}") = "Max2009ModelExporter", "Max2009ModelExporter\Max2009ModelExporter.vcproj", "{E7CB76AA-6113-46BA-8EBC-8AE1D2B81210}"
EndProject
Project("{8BC9CEB8-8B4A-11D0-8D11-00A0C91BC942}") = "ModelView", "ModelView\ModelView.vcproj", "{3E60009C-BBB0-4D3C-AEB3-637D1FE23989}"
EndProject
Project("{8BC9CEB8-8B4A-11D0-8D11-00A0C91BC942}") = "WorldEditor", "WorldEditor\WorldEditor.vcproj", "{DAC0DCD2-228B-4050-AE74-64E9A57611BE}"
EndProject
Project("{8BC9CEB8-8B4A-11D0-8D11-00A0C91BC942}") = "UIEditor", "UIEditor\UIEditor.vcproj", "{822B7150-E439-4EBC-9ED6-86A8E4941841}"
EndProject
Project("{8BC9CEB8-8B4A-11D0-8D11-00A0C91BC942}") = "FilePackage", "FilePackage\FilePackage.vcproj", "{0F149A82-64A5-429F-975C-CAD4A78DE734}"
EndProject
Project("{8BC9CEB8-8B4A-11D0-8D11-00A0C91BC942}") = "MuWorldMapPlugin", "MuWorldMapImport\MuWorldMapImport.vcproj", "{257217AD-AAF5-461D-9327-03891BA604A1}"
EndProject
Project("{8BC9CEB8-8B4A-11D0-8D11-00A0C91BC942}") = "MUFileDecrypt", "MUWorldTransform\MUWorldTransform.vcproj", "{6E710299-F74E-4F1C-93ED-25DD4522EECA}"
EndProject
Project("{8BC9CEB8-8B4A-11D0-8D11-00A0C91BC942}") = "SoulScenePlug", "SoulScenePlug\SoulScenePlug.vcproj", "{C382D9F0-08B5-44FE-9848-65E7C418AEEE}"
EndProject
Project("{2150E333-8FDC-42A3-9474-1A3956D46DE8}") = "ScenePlugs", "ScenePlugs", "{315A3DFE-3BAF-4B3B-AB9A-1CBAA94ACF06}"
EndProject
Project("{2150E333-8FDC-42A3-9474-1A3956D46DE8}") = "ModelPlugs", "ModelPlugs", "{F7A6C541-585E-411D-9499-26353DFA734E}"
EndProject
Project("{2150E333-8FDC-42A3-9474-1A3956D46DE8}") = "MaxPlugs", "MaxPlugs", "{F4F45C94-92B5-4E28-9C3A-9B10AB241097}"
EndProject
Project("{2150E333-8FDC-42A3-9474-1A3956D46DE8}") = "FileTools", "FileTools", "{E098BDC2-AD6D-48B6-9311-6195F7EB72DA}"
EndProject
Project("{8BC9CEB8-8B4A-11D0-8D11-00A0C91BC942}") = "MuModelPlugin", "MuModelPlugin\MuModelPlugin.vcproj", "{40AB2FE3-FD81-47B3-9D55-AC959D2F8B8D}"
EndProject
Project("{8BC9CEB8-8B4A-11D0-8D11-00A0C91BC942}") = "OGREModelPlugin", "OGREModelPlugin\OGREModelPlugin.vcproj", "{214B8B3A-CD4A-4B0C-8E92-9323A375C242}"
EndProject
Project("{8BC9CEB8-8B4A-11D0-8D11-00A0C91BC942}") = "TorchLightPlug", "TorchLightPlug\TorchLightPlug.vcproj", "{C1D1D884-7396-40D5-ABAE-73B0AE3C4EF5}"
EndProject
Project("{2150E333-8FDC-42A3-9474-1A3956D46DE8}") = "EnginePlugs", "EnginePlugs", "{B6026CBB-5B78-4E98-8B37-FDCEB897564B}"
EndProject
Project("{2150E333-8FDC-42A3-9474-1A3956D46DE8}") = "MaterialDataPlugs", "MaterialDataPlugs", "{BD8CEB65-3476-4848-B835-E9E8932BBA0D}"
EndProject
Project("{8BC9CEB8-8B4A-11D0-8D11-00A0C91BC942}") = "CSVMaterialDataPlugin", "CSVMaterialDataPlugin\CSVMaterialDataPlugin.vcproj", "{EEB7C1F2-C588-4924-909A-DF7326CC09FF}"
EndProject
Global
	GlobalSection(SolutionConfigurationPlatforms) = preSolution
		Debug|Win32 = Debug|Win32
		Hybrid|Win32 = Hybrid|Win32
		Release|Win32 = Release|Win32
	EndGlobalSection
	GlobalSection(ProjectConfigurationPlatforms) = postSolution
		{E7CB76AA-6113-46BA-8EBC-8AE1D2B81210}.Debug|Win32.ActiveCfg = Debug|Win32
		{E7CB76AA-6113-46BA-8EBC-8AE1D2B81210}.Debug|Win32.Build.0 = Debug|Win32
		{E7CB76AA-6113-46BA-8EBC-8AE1D2B81210}.Hybrid|Win32.ActiveCfg = Hybrid|Win32
		{E7CB76AA-6113-46BA-8EBC-8AE1D2B81210}.Hybrid|Win32.Build.0 = Hybrid|Win32
		{E7CB76AA-6113-46BA-8EBC-8AE1D2B81210}.Release|Win32.ActiveCfg = Release|Win32
		{E7CB76AA-6113-46BA-8EBC-8AE1D2B81210}.Release|Win32.Build.0 = Release|Win32
		{3E60009C-BBB0-4D3C-AEB3-637D1FE23989}.Debug|Win32.ActiveCfg = Debug|Win32
		{3E60009C-BBB0-4D3C-AEB3-637D1FE23989}.Debug|Win32.Build.0 = Debug|Win32
		{3E60009C-BBB0-4D3C-AEB3-637D1FE23989}.Hybrid|Win32.ActiveCfg = Release|Win32
		{3E60009C-BBB0-4D3C-AEB3-637D1FE23989}.Hybrid|Win32.Build.0 = Release|Win32
		{3E60009C-BBB0-4D3C-AEB3-637D1FE23989}.Release|Win32.ActiveCfg = Release|Win32
		{3E60009C-BBB0-4D3C-AEB3-637D1FE23989}.Release|Win32.Build.0 = Release|Win32
		{DAC0DCD2-228B-4050-AE74-64E9A57611BE}.Debug|Win32.ActiveCfg = Debug|Win32
		{DAC0DCD2-228B-4050-AE74-64E9A57611BE}.Debug|Win32.Build.0 = Debug|Win32
		{DAC0DCD2-228B-4050-AE74-64E9A57611BE}.Hybrid|Win32.ActiveCfg = Release|Win32
		{DAC0DCD2-228B-4050-AE74-64E9A57611BE}.Hybrid|Win32.Build.0 = Release|Win32
		{DAC0DCD2-228B-4050-AE74-64E9A57611BE}.Release|Win32.ActiveCfg = Release|Win32
		{DAC0DCD2-228B-4050-AE74-64E9A57611BE}.Release|Win32.Build.0 = Release|Win32
		{822B7150-E439-4EBC-9ED6-86A8E4941841}.Debug|Win32.ActiveCfg = Debug|Win32
		{822B7150-E439-4EBC-9ED6-86A8E4941841}.Debug|Win32.Build.0 = Debug|Win32
		{822B7150-E439-4EBC-9ED6-86A8E4941841}.Hybrid|Win32.ActiveCfg = Release|Win32
		{822B7150-E439-4EBC-9ED6-86A8E4941841}.Hybrid|Win32.Build.0 = Release|Win32
		{822B7150-E439-4EBC-9ED6-86A8E4941841}.Release|Win32.ActiveCfg = Release|Win32
		{822B7150-E439-4EBC-9ED6-86A8E4941841}.Release|Win32.Build.0 = Release|Win32
		{0F149A82-64A5-429F-975C-CAD4A78DE734}.Debug|Win32.ActiveCfg = Debug|Win32
		{0F149A82-64A5-429F-975C-CAD4A78DE734}.Debug|Win32.Build.0 = Debug|Win32
		{0F149A82-64A5-429F-975C-CAD4A78DE734}.Hybrid|Win32.ActiveCfg = Release|Win32
		{0F149A82-64A5-429F-975C-CAD4A78DE734}.Hybrid|Win32.Build.0 = Release|Win32
		{0F149A82-64A5-429F-975C-CAD4A78DE734}.Release|Win32.ActiveCfg = Release|Win32
		{0F149A82-64A5-429F-975C-CAD4A78DE734}.Release|Win32.Build.0 = Release|Win32
		{257217AD-AAF5-461D-9327-03891BA604A1}.Debug|Win32.ActiveCfg = Debug|Win32
		{257217AD-AAF5-461D-9327-03891BA604A1}.Debug|Win32.Build.0 = Debug|Win32
		{257217AD-AAF5-461D-9327-03891BA604A1}.Hybrid|Win32.ActiveCfg = Release|Win32
		{257217AD-AAF5-461D-9327-03891BA604A1}.Hybrid|Win32.Build.0 = Release|Win32
		{257217AD-AAF5-461D-9327-03891BA604A1}.Release|Win32.ActiveCfg = Release|Win32
		{257217AD-AAF5-461D-9327-03891BA604A1}.Release|Win32.Build.0 = Release|Win32
		{6E710299-F74E-4F1C-93ED-25DD4522EECA}.Debug|Win32.ActiveCfg = Debug|Win32
		{6E710299-F74E-4F1C-93ED-25DD4522EECA}.Debug|Win32.Build.0 = Debug|Win32
		{6E710299-F74E-4F1C-93ED-25DD4522EECA}.Hybrid|Win32.ActiveCfg = Release|Win32
		{6E710299-F74E-4F1C-93ED-25DD4522EECA}.Hybrid|Win32.Build.0 = Release|Win32
		{6E710299-F74E-4F1C-93ED-25DD4522EECA}.Release|Win32.ActiveCfg = Release|Win32
		{6E710299-F74E-4F1C-93ED-25DD4522EECA}.Release|Win32.Build.0 = Release|Win32
		{C382D9F0-08B5-44FE-9848-65E7C418AEEE}.Debug|Win32.ActiveCfg = Debug|Win32
		{C382D9F0-08B5-44FE-9848-65E7C418AEEE}.Debug|Win32.Build.0 = Debug|Win32
		{C382D9F0-08B5-44FE-9848-65E7C418AEEE}.Hybrid|Win32.ActiveCfg = Release|Win32
		{C382D9F0-08B5-44FE-9848-65E7C418AEEE}.Hybrid|Win32.Build.0 = Release|Win32
		{C382D9F0-08B5-44FE-9848-65E7C418AEEE}.Release|Win32.ActiveCfg = Release|Win32
		{C382D9F0-08B5-44FE-9848-65E7C418AEEE}.Release|Win32.Build.0 = Release|Win32
		{40AB2FE3-FD81-47B3-9D55-AC959D2F8B8D}.Debug|Win32.ActiveCfg = Debug|Win32
		{40AB2FE3-FD81-47B3-9D55-AC959D2F8B8D}.Debug|Win32.Build.0 = Debug|Win32
		{40AB2FE3-FD81-47B3-9D55-AC959D2F8B8D}.Hybrid|Win32.ActiveCfg = Release|Win32
		{40AB2FE3-FD81-47B3-9D55-AC959D2F8B8D}.Hybrid|Win32.Build.0 = Release|Win32
		{40AB2FE3-FD81-47B3-9D55-AC959D2F8B8D}.Release|Win32.ActiveCfg = Release|Win32
		{40AB2FE3-FD81-47B3-9D55-AC959D2F8B8D}.Release|Win32.Build.0 = Release|Win32
		{214B8B3A-CD4A-4B0C-8E92-9323A375C242}.Debug|Win32.ActiveCfg = Debug|Win32
		{214B8B3A-CD4A-4B0C-8E92-9323A375C242}.Debug|Win32.Build.0 = Debug|Win32
		{214B8B3A-CD4A-4B0C-8E92-9323A375C242}.Hybrid|Win32.ActiveCfg = Release|Win32
		{214B8B3A-CD4A-4B0C-8E92-9323A375C242}.Hybrid|Win32.Build.0 = Release|Win32
		{214B8B3A-CD4A-4B0C-8E92-9323A375C242}.Release|Win32.ActiveCfg = Release|Win32
		{214B8B3A-CD4A-4B0C-8E92-9323A375C242}.Release|Win32.Build.0 = Release|Win32
		{C1D1D884-7396-40D5-ABAE-73B0AE3C4EF5}.Debug|Win32.ActiveCfg = Debug|Win32
		{C1D1D884-7396-40D5-ABAE-73B0AE3C4EF5}.Debug|Win32.Build.0 = Debug|Win32
		{C1D1D884-7396-40D5-ABAE-73B0AE3C4EF5}.Hybrid|Win32.ActiveCfg = Release|Win32
		{C1D1D884-7396-40D5-ABAE-73B0AE3C4EF5}.Hybrid|Win32.Build.0 = Release|Win32
		{C1D1D884-7396-40D5-ABAE-73B0AE3C4EF5}.Release|Win32.ActiveCfg = Release|Win32
		{C1D1D884-7396-40D5-ABAE-73B0AE3C4EF5}.Release|Win32.Build.0 = Release|Win32
		{EEB7C1F2-C588-4924-909A-DF7326CC09FF}.Debug|Win32.ActiveCfg = Debug|Win32
		{EEB7C1F2-C588-4924-909A-DF7326CC09FF}.Debug|Win32.Build.0 = Debug|Win32
		{EEB7C1F2-C588-4924-909A-DF7326CC09FF}.Hybrid|Win32.ActiveCfg = Release|Win32
		{EEB7C1F2-C588-4924-909A-DF7326CC09FF}.Hybrid|Win32.Build.0 = Release|Win32
		{EEB7C1F2-C588-4924-909A-DF7326CC09FF}.Release|Win32.ActiveCfg = Release|Win32
		{EEB7C1F2-C588-4924-909A-DF7326CC09FF}.Release|Win32.Build.0 = Release|Win32
	EndGlobalSection
	GlobalSection(SolutionProperties) = preSolution
		HideSolutionNode = FALSE
	EndGlobalSection
	GlobalSection(NestedProjects) = preSolution
		{E7CB76AA-6113-46BA-8EBC-8AE1D2B81210} = {F4F45C94-92B5-4E28-9C3A-9B10AB241097}
		{6E710299-F74E-4F1C-93ED-25DD4522EECA} = {E098BDC2-AD6D-48B6-9311-6195F7EB72DA}
		{0F149A82-64A5-429F-975C-CAD4A78DE734} = {E098BDC2-AD6D-48B6-9311-6195F7EB72DA}
		{315A3DFE-3BAF-4B3B-AB9A-1CBAA94ACF06} = {B6026CBB-5B78-4E98-8B37-FDCEB897564B}
		{F7A6C541-585E-411D-9499-26353DFA734E} = {B6026CBB-5B78-4E98-8B37-FDCEB897564B}
		{BD8CEB65-3476-4848-B835-E9E8932BBA0D} = {B6026CBB-5B78-4E98-8B37-FDCEB897564B}
		{C382D9F0-08B5-44FE-9848-65E7C418AEEE} = {315A3DFE-3BAF-4B3B-AB9A-1CBAA94ACF06}
		{C1D1D884-7396-40D5-ABAE-73B0AE3C4EF5} = {315A3DFE-3BAF-4B3B-AB9A-1CBAA94ACF06}
		{257217AD-AAF5-461D-9327-03891BA604A1} = {315A3DFE-3BAF-4B3B-AB9A-1CBAA94ACF06}
		{40AB2FE3-FD81-47B3-9D55-AC959D2F8B8D} = {F7A6C541-585E-411D-9499-26353DFA734E}
		{214B8B3A-CD4A-4B0C-8E92-9323A375C242} = {F7A6C541-585E-411D-9499-26353DFA734E}
		{EEB7C1F2-C588-4924-909A-DF7326CC09FF} = {BD8CEB65-3476-4848-B835-E9E8932BBA0D}
	EndGlobalSection
EndGlobal
