
Microsoft Visual Studio Solution File, Format Version 9.00
# Visual Studio 2005
Project("{8BC9CEB8-8B4A-11D0-8D11-00A0C91BC942}") = "Max2009ModelExporter", "Max2009ModelExporter\Max2009ModelExporter.vcproj", "{E7CB76AA-6113-46BA-8EBC-8AE1D2B81210}"
EndProject
Project("{8BC9CEB8-8B4A-11D0-8D11-00A0C91BC942}") = "ModelView", "ModelView\ModelView.vcproj", "{3E60009C-BBB0-4D3C-AEB3-637D1FE23989}"
EndProject
Project("{8BC9CEB8-8B4A-11D0-8D11-00A0C91BC942}") = "WorldEditor", "WorldEditor\WorldEditor.vcproj", "{DAC0DCD2-228B-4050-AE74-64E9A57611BE}"
EndProject
Project("{8BC9CEB8-8B4A-11D0-8D11-00A0C91BC942}") = "UIEditor", "UIEditor\UIEditor.vcproj", "{822B7150-E439-4EBC-9ED6-86A8E4941841}"
EndProject
Project("{8BC9CEB8-8B4A-11D0-8D11-00A0C91BC942}") = "FilePackage", "FilePackage\FilePackage.vcproj", "{0F149A82-64A5-429F-975C-CAD4A78DE734}"
EndProject
Global
	GlobalSection(SolutionConfigurationPlatforms) = preSolution
		Debug|Win32 = Debug|Win32
		Hybrid|Win32 = Hybrid|Win32
		Release|Win32 = Release|Win32
	EndGlobalSection
	GlobalSection(ProjectConfigurationPlatforms) = postSolution
		{E7CB76AA-6113-46BA-8EBC-8AE1D2B81210}.Debug|Win32.ActiveCfg = Debug|Win32
		{E7CB76AA-6113-46BA-8EBC-8AE1D2B81210}.Debug|Win32.Build.0 = Debug|Win32
		{E7CB76AA-6113-46BA-8EBC-8AE1D2B81210}.Hybrid|Win32.ActiveCfg = Hybrid|Win32
		{E7CB76AA-6113-46BA-8EBC-8AE1D2B81210}.Hybrid|Win32.Build.0 = Hybrid|Win32
		{E7CB76AA-6113-46BA-8EBC-8AE1D2B81210}.Release|Win32.ActiveCfg = Release|Win32
		{E7CB76AA-6113-46BA-8EBC-8AE1D2B81210}.Release|Win32.Build.0 = Release|Win32
		{3E60009C-BBB0-4D3C-AEB3-637D1FE23989}.Debug|Win32.ActiveCfg = Debug|Win32
		{3E60009C-BBB0-4D3C-AEB3-637D1FE23989}.Debug|Win32.Build.0 = Debug|Win32
		{3E60009C-BBB0-4D3C-AEB3-637D1FE23989}.Hybrid|Win32.ActiveCfg = Release|Win32
		{3E60009C-BBB0-4D3C-AEB3-637D1FE23989}.Hybrid|Win32.Build.0 = Release|Win32
		{3E60009C-BBB0-4D3C-AEB3-637D1FE23989}.Release|Win32.ActiveCfg = Release|Win32
		{3E60009C-BBB0-4D3C-AEB3-637D1FE23989}.Release|Win32.Build.0 = Release|Win32
		{DAC0DCD2-228B-4050-AE74-64E9A57611BE}.Debug|Win32.ActiveCfg = Debug|Win32
		{DAC0DCD2-228B-4050-AE74-64E9A57611BE}.Debug|Win32.Build.0 = Debug|Win32
		{DAC0DCD2-228B-4050-AE74-64E9A57611BE}.Hybrid|Win32.ActiveCfg = Release|Win32
		{DAC0DCD2-228B-4050-AE74-64E9A57611BE}.Hybrid|Win32.Build.0 = Release|Win32
		{DAC0DCD2-228B-4050-AE74-64E9A57611BE}.Release|Win32.ActiveCfg = Release|Win32
		{DAC0DCD2-228B-4050-AE74-64E9A57611BE}.Release|Win32.Build.0 = Release|Win32
		{822B7150-E439-4EBC-9ED6-86A8E4941841}.Debug|Win32.ActiveCfg = Debug|Win32
		{822B7150-E439-4EBC-9ED6-86A8E4941841}.Debug|Win32.Build.0 = Debug|Win32
		{822B7150-E439-4EBC-9ED6-86A8E4941841}.Hybrid|Win32.ActiveCfg = Release|Win32
		{822B7150-E439-4EBC-9ED6-86A8E4941841}.Hybrid|Win32.Build.0 = Release|Win32
		{822B7150-E439-4EBC-9ED6-86A8E4941841}.Release|Win32.ActiveCfg = Release|Win32
		{822B7150-E439-4EBC-9ED6-86A8E4941841}.Release|Win32.Build.0 = Release|Win32
		{0F149A82-64A5-429F-975C-CAD4A78DE734}.Debug|Win32.ActiveCfg = Debug|Win32
		{0F149A82-64A5-429F-975C-CAD4A78DE734}.Debug|Win32.Build.0 = Debug|Win32
		{0F149A82-64A5-429F-975C-CAD4A78DE734}.Hybrid|Win32.ActiveCfg = Release|Win32
		{0F149A82-64A5-429F-975C-CAD4A78DE734}.Hybrid|Win32.Build.0 = Release|Win32
		{0F149A82-64A5-429F-975C-CAD4A78DE734}.Release|Win32.ActiveCfg = Release|Win32
		{0F149A82-64A5-429F-975C-CAD4A78DE734}.Release|Win32.Build.0 = Release|Win32
	EndGlobalSection
	GlobalSection(SolutionProperties) = preSolution
		HideSolutionNode = FALSE
	EndGlobalSection
EndGlobal
